{
    "_readme": [
        "This file locks the dependencies of your project to a known state",
        "Read more about it at http://getcomposer.org/doc/01-basic-usage.md#composer-lock-the-lock-file",
        "This file is @generated automatically"
    ],
    "hash": "b6ebdea68dad255f1e539c2c5f9cbdfa",
    "packages": [
        {
            "name": "j7mbo/twitter-api-php",
            "version": "dev-master",
            "source": {
                "type": "git",
                "url": "https://github.com/glenscott/twitter-api-php",
                "reference": "299c3f934d54c7874fb3bc77d3231f7fdbd22df9"
            },
            "type": "library",
            "autoload": {
                "files": [
                    "TwitterAPIExchange.php"
                ]
            },
            "license": [
                "GNU Public License"
            ],
            "authors": [
                {
                    "name": "James Mallison",
                    "homepage": "https://github.com/j7mbo/twitter-api-php"
                }
            ],
            "description": "Simple PHP Wrapper for Twitter API v1.1 calls",
            "homepage": "https://github.com/j7mbo/twitter-api-php",
            "keywords": [
                "API",
                "PHP",
                "twitter"
            ],
            "time": "2015-04-24 18:11:55"
        }
    ],
    "packages-dev": [],
    "aliases": [],
    "minimum-stability": "stable",
    "stability-flags": {
        "j7mbo/twitter-api-php": 20
    },
    "prefer-stable": false,
    "prefer-lowest": false,
    "platform": [],
    "platform-dev": []
}
